
Microsoft Visual Studio Solution File, Format Version 12.00
# Visual Studio Version 16
VisualStudioVersion = 16.0.29318.209
MinimumVisualStudioVersion = 10.0.40219.1
Project("{9A19103F-16F7-4668-BE54-9A1E7A4F7556}") = "ColourGridProject", "ColourGrid\ColourGridProject.csproj", "{2E736635-0386-4D04-861F-22C43248A884}"
EndProject
Project("{FAE04EC0-301F-11D3-BF4B-00C04F79EFBC}") = "ColourGridTests", "ColourGridTests\ColourGridTests.csproj", "{A2A13C4B-6E32-47EF-B444-9D8BC027503F}"
EndProject
Global
	GlobalSection(SolutionConfigurationPlatforms) = preSolution
		Debug|Any CPU = Debug|Any CPU
		Release|Any CPU = Release|Any CPU
	EndGlobalSection
	GlobalSection(ProjectConfigurationPlatforms) = postSolution
		{2E736635-0386-4D04-861F-22C43248A884}.Debug|Any CPU.ActiveCfg = Debug|Any CPU
		{2E736635-0386-4D04-861F-22C43248A884}.Debug|Any CPU.Build.0 = Debug|Any CPU
		{2E736635-0386-4D04-861F-22C43248A884}.Release|Any CPU.ActiveCfg = Release|Any CPU
		{2E736635-0386-4D04-861F-22C43248A884}.Release|Any CPU.Build.0 = Release|Any CPU
		{A2A13C4B-6E32-47EF-B444-9D8BC027503F}.Debug|Any CPU.ActiveCfg = Debug|Any CPU
		{A2A13C4B-6E32-47EF-B444-9D8BC027503F}.Debug|Any CPU.Build.0 = Debug|Any CPU
		{A2A13C4B-6E32-47EF-B444-9D8BC027503F}.Release|Any CPU.ActiveCfg = Release|Any CPU
		{A2A13C4B-6E32-47EF-B444-9D8BC027503F}.Release|Any CPU.Build.0 = Release|Any CPU
	EndGlobalSection
	GlobalSection(SolutionProperties) = preSolution
		HideSolutionNode = FALSE
	EndGlobalSection
	GlobalSection(ExtensibilityGlobals) = postSolution
		SolutionGuid = {FEDD11B2-55C0-486C-803D-3BBB64CB3998}
	EndGlobalSection
EndGlobal
